PODS:
  - Alamofire (5.4.4)
  - Kingfisher (6.3.1)
  - NVActivityIndicatorView (5.1.1):
    - NVActivityIndicatorView/Base (= 5.1.1)
  - NVActivityIndicatorView/Base (5.1.1)
  - SociomileChatSDK (1.0.0):
    - Alamofire (~> 5.4)
    - Kingfisher (~> 6.3.0)
    - NVActivityIndicatorView
    - Socket.IO-Client-Swift (~> 15.2.0)
  - Socket.IO-Client-Swift (15.2.0):
    - Starscream (~> 3.1)
  - Starscream (3.1.1)

DEPENDENCIES:
  - Alamofire (~> 5.4)
  - Kingfisher (~> 6.3.0)
  - NVActivityIndicatorView
  - SociomileChatSDK (from `./`)
  - Socket.IO-Client-Swift (~> 15.2.0)

SPEC REPOS:
  trunk:
    - Alamofire
    - Kingfisher
    - NVActivityIndicatorView
    - Socket.IO-Client-Swift
    - Starscream

EXTERNAL SOURCES:
  SociomileChatSDK:
    :path: "./"

SPEC CHECKSUMS:
  Alamofire: f3b09a368f1582ab751b3fff5460276e0d2cf5c9
  Kingfisher: 016c8b653a35add51dd34a3aba36b580041acc74
  NVActivityIndicatorView: 1f6c5687f1171810aa27a3296814dc2d7dec3667
  SociomileChatSDK: 1d0e1915f9b3b47105039e36ef1ec68989f5edda
  Socket.IO-Client-Swift: 1e3e3a1f09f3312a167f0d781eb2f383d477357c
  Starscream: 4bb2f9942274833f7b4d296a55504dcfc7edb7b0

PODFILE CHECKSUM: 0aced43a8d9c110450cec2aa98fcdcbf33dff9d5

COCOAPODS: 1.11.2
