PODS:
  - Alamofire (5.4.4)
  - Kingfisher (7.1.1)
  - SociomileChatSDK (1.0.0):
    - Alamofire (~> 5.4)
    - Kingfisher (~> 7.0)
    - Socket.IO-Client-Swift (~> 15.2.0)
  - Socket.IO-Client-Swift (15.2.0):
    - Starscream (~> 3.1)
  - Starscream (3.1.1)

DEPENDENCIES:
  - Alamofire (~> 5.4)
  - Kingfisher (~> 7.0)
  - SociomileChatSDK (from `./`)
  - Socket.IO-Client-Swift (~> 15.2.0)

SPEC REPOS:
  trunk:
    - Alamofire
    - Kingfisher
    - Socket.IO-Client-Swift
    - Starscream

EXTERNAL SOURCES:
  SociomileChatSDK:
    :path: "./"

SPEC CHECKSUMS:
  Alamofire: f3b09a368f1582ab751b3fff5460276e0d2cf5c9
  Kingfisher: f738f9c4a3415823b8e2985d10aa2d6a9f37bc4d
  SociomileChatSDK: cf8c0f784246ed6067f4a75f3cbb0b2362ac5478
  Socket.IO-Client-Swift: 1e3e3a1f09f3312a167f0d781eb2f383d477357c
  Starscream: 4bb2f9942274833f7b4d296a55504dcfc7edb7b0

PODFILE CHECKSUM: 1515c426db309badfd851cce7b4aecfbc0ef64d8

COCOAPODS: 1.11.2
